// !$*UTF8*$!
{
	archiveVersion = 1;
	classes = {
	};
	objectVersion = 46;
	objects = {

/* Begin PBXBuildFile section */
		4F1AFF501DA3FA5900C5D425 /* AppDelegate.swift in Sources */ = {isa = PBXBuildFile; fileRef = 4F1AFF4F1DA3FA5900C5D425 /* AppDelegate.swift */; };
		4F1AFF521DA3FA5900C5D425 /* ViewController.swift in Sources */ = {isa = PBXBuildFile; fileRef = 4F1AFF511DA3FA5900C5D425 /* ViewController.swift */; };
		4F1AFF551DA3FA5900C5D425 /* Main.storyboard in Resources */ = {isa = PBXBuildFile; fileRef = 4F1AFF531DA3FA5900C5D425 /* Main.storyboard */; };
		4F1AFF571DA3FA5900C5D425 /* Assets.xcassets in Resources */ = {isa = PBXBuildFile; fileRef = 4F1AFF561DA3FA5900C5D425 /* Assets.xcassets */; };
		4F1AFF5A1DA3FA5900C5D425 /* LaunchScreen.storyboard in Resources */ = {isa = PBXBuildFile; fileRef = 4F1AFF581DA3FA5900C5D425 /* LaunchScreen.storyboard */; };
		4F1AFF651DA3FA5900C5D425 /* multipeerTests.swift in Sources */ = {isa = PBXBuildFile; fileRef = 4F1AFF641DA3FA5900C5D425 /* multipeerTests.swift */; };
		4FE98B441DA54D0B00FA337A /* multipeer.swift in Sources */ = {isa = PBXBuildFile; fileRef = 4FE98B431DA54D0B00FA337A /* multipeer.swift */; };
		6EB341721DA512F40094FD55 /* Cell.swift in Sources */ = {isa = PBXBuildFile; fileRef = 6EB341711DA512F40094FD55 /* Cell.swift */; };
/* End PBXBuildFile section */

/* Begin PBXContainerItemProxy section */
		4F1AFF611DA3FA5900C5D425 /* PBXContainerItemProxy */ = {
			isa = PBXContainerItemProxy;
			containerPortal = 4F1AFF441DA3FA5800C5D425 /* Project object */;
			proxyType = 1;
			remoteGlobalIDString = 4F1AFF4B1DA3FA5800C5D425;
			remoteInfo = multipeer;
		};
/* End PBXContainerItemProxy section */

/* Begin PBXFileReference section */
		4F1AFF4C1DA3FA5900C5D425 /* multipeer.app */ = {isa = PBXFileReference; explicitFileType = wrapper.application; includeInIndex = 0; path = multipeer.app; sourceTree = BUILT_PRODUCTS_DIR; };
		4F1AFF4F1DA3FA5900C5D425 /* AppDelegate.swift */ = {isa = PBXFileReference; lastKnownFileType = sourcecode.swift; path = AppDelegate.swift; sourceTree = "<group>"; };
		4F1AFF511DA3FA5900C5D425 /* ViewController.swift */ = {isa = PBXFileReference; lastKnownFileType = sourcecode.swift; path = ViewController.swift; sourceTree = "<group>"; };
		4F1AFF541DA3FA5900C5D425 /* Base */ = {isa = PBXFileReference; lastKnownFileType = file.storyboard; name = Base; path = Base.lproj/Main.storyboard; sourceTree = "<group>"; };
		4F1AFF561DA3FA5900C5D425 /* Assets.xcassets */ = {isa = PBXFileReference; lastKnownFileType = folder.assetcatalog; path = Assets.xcassets; sourceTree = "<group>"; };
		4F1AFF591DA3FA5900C5D425 /* Base */ = {isa = PBXFileReference; lastKnownFileType = file.storyboard; name = Base; path = Base.lproj/LaunchScreen.storyboard; sourceTree = "<group>"; };
		4F1AFF5B1DA3FA5900C5D425 /* Info.plist */ = {isa = PBXFileReference; lastKnownFileType = text.plist.xml; path = Info.plist; sourceTree = "<group>"; };
		4F1AFF601DA3FA5900C5D425 /* multipeerTests.xctest */ = {isa = PBXFileReference; explicitFileType = wrapper.cfbundle; includeInIndex = 0; path = multipeerTests.xctest; sourceTree = BUILT_PRODUCTS_DIR; };
		4F1AFF641DA3FA5900C5D425 /* multipeerTests.swift */ = {isa = PBXFileReference; lastKnownFileType = sourcecode.swift; path = multipeerTests.swift; sourceTree = "<group>"; };
		4F1AFF661DA3FA5900C5D425 /* Info.plist */ = {isa = PBXFileReference; lastKnownFileType = text.plist.xml; path = Info.plist; sourceTree = "<group>"; };
		4FE98B431DA54D0B00FA337A /* multipeer.swift */ = {isa = PBXFileReference; fileEncoding = 4; lastKnownFileType = sourcecode.swift; path = multipeer.swift; sourceTree = "<group>"; };
		6EB341711DA512F40094FD55 /* Cell.swift */ = {isa = PBXFileReference; fileEncoding = 4; lastKnownFileType = sourcecode.swift; path = Cell.swift; sourceTree = "<group>"; };
/* End PBXFileReference section */

/* Begin PBXFrameworksBuildPhase section */
		4F1AFF491DA3FA5800C5D425 /* Frameworks */ = {
			isa = PBXFrameworksBuildPhase;
			buildActionMask = 2147483647;
			files = (
			);
			runOnlyForDeploymentPostprocessing = 0;
		};
		4F1AFF5D1DA3FA5900C5D425 /* Frameworks */ = {
			isa = PBXFrameworksBuildPhase;
			buildActionMask = 2147483647;
			files = (
			);
			runOnlyForDeploymentPostprocessing = 0;
		};
/* End PBXFrameworksBuildPhase section */

/* Begin PBXGroup section */
		4F1AFF431DA3FA5800C5D425 = {
			isa = PBXGroup;
			children = (
				4F1AFF4E1DA3FA5900C5D425 /* multipeer */,
				4F1AFF631DA3FA5900C5D425 /* multipeerTests */,
				4F1AFF4D1DA3FA5900C5D425 /* Products */,
			);
			sourceTree = "<group>";
		};
		4F1AFF4D1DA3FA5900C5D425 /* Products */ = {
			isa = PBXGroup;
			children = (
				4F1AFF4C1DA3FA5900C5D425 /* multipeer.app */,
				4F1AFF601DA3FA5900C5D425 /* multipeerTests.xctest */,
			);
			name = Products;
			sourceTree = "<group>";
		};
		4F1AFF4E1DA3FA5900C5D425 /* multipeer */ = {
			isa = PBXGroup;
			children = (
				4F1AFF4F1DA3FA5900C5D425 /* AppDelegate.swift */,
				4F1AFF511DA3FA5900C5D425 /* ViewController.swift */,
				4FE98B431DA54D0B00FA337A /* multipeer.swift */,
				4F1AFF531DA3FA5900C5D425 /* Main.storyboard */,
				4F1AFF561DA3FA5900C5D425 /* Assets.xcassets */,
				4F1AFF581DA3FA5900C5D425 /* LaunchScreen.storyboard */,
				4F1AFF5B1DA3FA5900C5D425 /* Info.plist */,
				6EB341711DA512F40094FD55 /* Cell.swift */,
			);
			path = multipeer;
			sourceTree = "<group>";
		};
		4F1AFF631DA3FA5900C5D425 /* multipeerTests */ = {
			isa = PBXGroup;
			children = (
				4F1AFF641DA3FA5900C5D425 /* multipeerTests.swift */,
				4F1AFF661DA3FA5900C5D425 /* Info.plist */,
			);
			path = multipeerTests;
			sourceTree = "<group>";
		};
/* End PBXGroup section */

/* Begin PBXNativeTarget section */
		4F1AFF4B1DA3FA5800C5D425 /* multipeer */ = {
			isa = PBXNativeTarget;
			buildConfigurationList = 4F1AFF691DA3FA5900C5D425 /* Build configuration list for PBXNativeTarget "multipeer" */;
			buildPhases = (
				4F1AFF481DA3FA5800C5D425 /* Sources */,
				4F1AFF491DA3FA5800C5D425 /* Frameworks */,
				4F1AFF4A1DA3FA5800C5D425 /* Resources */,
			);
			buildRules = (
			);
			dependencies = (
			);
			name = multipeer;
			productName = multipeer;
			productReference = 4F1AFF4C1DA3FA5900C5D425 /* multipeer.app */;
			productType = "com.apple.product-type.application";
		};
		4F1AFF5F1DA3FA5900C5D425 /* multipeerTests */ = {
			isa = PBXNativeTarget;
			buildConfigurationList = 4F1AFF6C1DA3FA5900C5D425 /* Build configuration list for PBXNativeTarget "multipeerTests" */;
			buildPhases = (
				4F1AFF5C1DA3FA5900C5D425 /* Sources */,
				4F1AFF5D1DA3FA5900C5D425 /* Frameworks */,
				4F1AFF5E1DA3FA5900C5D425 /* Resources */,
			);
			buildRules = (
			);
			dependencies = (
				4F1AFF621DA3FA5900C5D425 /* PBXTargetDependency */,
			);
			name = multipeerTests;
			productName = multipeerTests;
			productReference = 4F1AFF601DA3FA5900C5D425 /* multipeerTests.xctest */;
			productType = "com.apple.product-type.bundle.unit-test";
		};
/* End PBXNativeTarget section */

/* Begin PBXProject section */
		4F1AFF441DA3FA5800C5D425 /* Project object */ = {
			isa = PBXProject;
			attributes = {
				LastSwiftUpdateCheck = 0800;
				LastUpgradeCheck = 0800;
				ORGANIZATIONNAME = "Isabella Vieira";
				TargetAttributes = {
					4F1AFF4B1DA3FA5800C5D425 = {
						CreatedOnToolsVersion = 8.0;
						DevelopmentTeam = R3VU9CJ4FV;
						ProvisioningStyle = Automatic;
					};
					4F1AFF5F1DA3FA5900C5D425 = {
						CreatedOnToolsVersion = 8.0;
						ProvisioningStyle = Automatic;
						TestTargetID = 4F1AFF4B1DA3FA5800C5D425;
					};
				};
			};
			buildConfigurationList = 4F1AFF471DA3FA5800C5D425 /* Build configuration list for PBXProject "multipeer" */;
			compatibilityVersion = "Xcode 3.2";
			developmentRegion = English;
			hasScannedForEncodings = 0;
			knownRegions = (
				en,
				Base,
			);
			mainGroup = 4F1AFF431DA3FA5800C5D425;
			productRefGroup = 4F1AFF4D1DA3FA5900C5D425 /* Products */;
			projectDirPath = "";
			projectRoot = "";
			targets = (
				4F1AFF4B1DA3FA5800C5D425 /* multipeer */,
				4F1AFF5F1DA3FA5900C5D425 /* multipeerTests */,
			);
		};
/* End PBXProject section */

/* Begin PBXResourcesBuildPhase section */
		4F1AFF4A1DA3FA5800C5D425 /* Resources */ = {
			isa = PBXResourcesBuildPhase;
			buildActionMask = 2147483647;
			files = (
				4F1AFF5A1DA3FA5900C5D425 /* LaunchScreen.storyboard in Resources */,
				4F1AFF571DA3FA5900C5D425 /* Assets.xcassets in Resources */,
				4F1AFF551DA3FA5900C5D425 /* Main.storyboard in Resources */,
			);
			runOnlyForDeploymentPostprocessing = 0;
		};
		4F1AFF5E1DA3FA5900C5D425 /* Resources */ = {
			isa = PBXResourcesBuildPhase;
			buildActionMask = 2147483647;
			files = (
			);
			runOnlyForDeploymentPostprocessing = 0;
		};
/* End PBXResourcesBuildPhase section */

/* Begin PBXSourcesBuildPhase section */
		4F1AFF481DA3FA5800C5D425 /* Sources */ = {
			isa = PBXSourcesBuildPhase;
			buildActionMask = 2147483647;
			files = (
				4F1AFF521DA3FA5900C5D425 /* ViewController.swift in Sources */,
				4FE98B441DA54D0B00FA337A /* multipeer.swift in Sources */,
				4F1AFF501DA3FA5900C5D425 /* AppDelegate.swift in Sources */,
				6EB341721DA512F40094FD55 /* Cell.swift in Sources */,
			);
			runOnlyForDeploymentPostprocessing = 0;
		};
		4F1AFF5C1DA3FA5900C5D425 /* Sources */ = {
			isa = PBXSourcesBuildPhase;
			buildActionMask = 2147483647;
			files = (
				4F1AFF651DA3FA5900C5D425 /* multipeerTests.swift in Sources */,
			);
			runOnlyForDeploymentPostprocessing = 0;
		};
/* End PBXSourcesBuildPhase section */

/* Begin PBXTargetDependency section */
		4F1AFF621DA3FA5900C5D425 /* PBXTargetDependency */ = {
			isa = PBXTargetDependency;
			target = 4F1AFF4B1DA3FA5800C5D425 /* multipeer */;
			targetProxy = 4F1AFF611DA3FA5900C5D425 /* PBXContainerItemProxy */;
		};
/* End PBXTargetDependency section */

/* Begin PBXVariantGroup section */
		4F1AFF531DA3FA5900C5D425 /* Main.storyboard */ = {
			isa = PBXVariantGroup;
			children = (
				4F1AFF541DA3FA5900C5D425 /* Base */,
			);
			name = Main.storyboard;
			sourceTree = "<group>";
		};
		4F1AFF581DA3FA5900C5D425 /* LaunchScreen.storyboard */ = {
			isa = PBXVariantGroup;
			children = (
				4F1AFF591DA3FA5900C5D425 /* Base */,
			);
			name = LaunchScreen.storyboard;
			sourceTree = "<group>";
		};
/* End PBXVariantGroup section */

/* Begin XCBuildConfiguration section */
		4F1AFF671DA3FA5900C5D425 /* Debug */ = {
			isa = XCBuildConfiguration;
			buildSettings = {
				ALWAYS_SEARCH_USER_PATHS = NO;
				CLANG_ANALYZER_NONNULL = YES;
				CLANG_CXX_LANGUAGE_STANDARD = "gnu++0x";
				CLANG_CXX_LIBRARY = "libc++";
				CLANG_ENABLE_MODULES = YES;
				CLANG_ENABLE_OBJC_ARC = YES;
				CLANG_WARN_BOOL_CONVERSION = YES;
				CLANG_WARN_CONSTANT_CONVERSION = YES;
				CLANG_WARN_DIRECT_OBJC_ISA_USAGE = YES_ERROR;
				CLANG_WARN_DOCUMENTATION_COMMENTS = YES;
				CLANG_WARN_EMPTY_BODY = YES;
				CLANG_WARN_ENUM_CONVERSION = YES;
				CLANG_WARN_INFINITE_RECURSION = YES;
				CLANG_WARN_INT_CONVERSION = YES;
				CLANG_WARN_OBJC_ROOT_CLASS = YES_ERROR;
				CLANG_WARN_SUSPICIOUS_MOVES = YES;
				CLANG_WARN_UNREACHABLE_CODE = YES;
				CLANG_WARN__DUPLICATE_METHOD_MATCH = YES;
				"CODE_SIGN_IDENTITY[sdk=iphoneos*]" = "iPhone Developer";
				COPY_PHASE_STRIP = NO;
				DEBUG_INFORMATION_FORMAT = dwarf;
				ENABLE_STRICT_OBJC_MSGSEND = YES;
				ENABLE_TESTABILITY = YES;
				GCC_C_LANGUAGE_STANDARD = gnu99;
				GCC_DYNAMIC_NO_PIC = NO;
				GCC_NO_COMMON_BLOCKS = YES;
				GCC_OPTIMIZATION_LEVEL = 0;
				GCC_PREPROCESSOR_DEFINITIONS = (
					"DEBUG=1",
					"$(inherited)",
				);
				GCC_WARN_64_TO_32_BIT_CONVERSION = YES;
				GCC_WARN_ABOUT_RETURN_TYPE = YES_ERROR;
				GCC_WARN_UNDECLARED_SELECTOR = YES;
				GCC_WARN_UNINITIALIZED_AUTOS = YES_AGGRESSIVE;
				GCC_WARN_UNUSED_FUNCTION = YES;
				GCC_WARN_UNUSED_VARIABLE = YES;
				IPHONEOS_DEPLOYMENT_TARGET = 10.0;
				MTL_ENABLE_DEBUG_INFO = YES;
				ONLY_ACTIVE_ARCH = YES;
				SDKROOT = iphoneos;
				SWIFT_ACTIVE_COMPILATION_CONDITIONS = DEBUG;
				SWIFT_OPTIMIZATION_LEVEL = "-Onone";
				TARGETED_DEVICE_FAMILY = "1,2";
			};
			name = Debug;
		};
		4F1AFF681DA3FA5900C5D425 /* Release */ = {
			isa = XCBuildConfiguration;
			buildSettings = {
				ALWAYS_SEARCH_USER_PATHS = NO;
				CLANG_ANALYZER_NONNULL = YES;
				CLANG_CXX_LANGUAGE_STANDARD = "gnu++0x";
				CLANG_CXX_LIBRARY = "libc++";
				CLANG_ENABLE_MODULES = YES;
				CLANG_ENABLE_OBJC_ARC = YES;
				CLANG_WARN_BOOL_CONVERSION = YES;
				CLANG_WARN_CONSTANT_CONVERSION = YES;
				CLANG_WARN_DIRECT_OBJC_ISA_USAGE = YES_ERROR;
				CLANG_WARN_DOCUMENTATION_COMMENTS = YES;
				CLANG_WARN_EMPTY_BODY = YES;
				CLANG_WARN_ENUM_CONVERSION = YES;
				CLANG_WARN_INFINITE_RECURSION = YES;
				CLANG_WARN_INT_CONVERSION = YES;
				CLANG_WARN_OBJC_ROOT_CLASS = YES_ERROR;
				CLANG_WARN_SUSPICIOUS_MOVES = YES;
				CLANG_WARN_UNREACHABLE_CODE = YES;
				CLANG_WARN__DUPLICATE_METHOD_MATCH = YES;
				"CODE_SIGN_IDENTITY[sdk=iphoneos*]" = "iPhone Developer";
				COPY_PHASE_STRIP = NO;
				DEBUG_INFORMATION_FORMAT = "dwarf-with-dsym";
				ENABLE_NS_ASSERTIONS = NO;
				ENABLE_STRICT_OBJC_MSGSEND = YES;
				GCC_C_LANGUAGE_STANDARD = gnu99;
				GCC_NO_COMMON_BLOCKS = YES;
				GCC_WARN_64_TO_32_BIT_CONVERSION = YES;
				GCC_WARN_ABOUT_RETURN_TYPE = YES_ERROR;
				GCC_WARN_UNDECLARED_SELECTOR = YES;
				GCC_WARN_UNINITIALIZED_AUTOS = YES_AGGRESSIVE;
				GCC_WARN_UNUSED_FUNCTION = YES;
				GCC_WARN_UNUSED_VARIABLE = YES;
				IPHONEOS_DEPLOYMENT_TARGET = 10.0;
				MTL_ENABLE_DEBUG_INFO = NO;
				SDKROOT = iphoneos;
				SWIFT_OPTIMIZATION_LEVEL = "-Owholemodule";
				TARGETED_DEVICE_FAMILY = "1,2";
				VALIDATE_PRODUCT = YES;
			};
			name = Release;
		};
		4F1AFF6A1DA3FA5900C5D425 /* Debug */ = {
			isa = XCBuildConfiguration;
			buildSettings = {
				ASSETCATALOG_COMPILER_APPICON_NAME = AppIcon;
				DEVELOPMENT_TEAM = R3VU9CJ4FV;
				INFOPLIST_FILE = multipeer/Info.plist;
				LD_RUNPATH_SEARCH_PATHS = "$(inherited) @executable_path/Frameworks";
				PRODUCT_BUNDLE_IDENTIFIER = "bepid-apple.multipeer";
				PRODUCT_NAME = "$(TARGET_NAME)";
				SWIFT_VERSION = 3.0;
			};
			name = Debug;
		};
		4F1AFF6B1DA3FA5900C5D425 /* Release */ = {
			isa = XCBuildConfiguration;
			buildSettings = {
				ASSETCATALOG_COMPILER_APPICON_NAME = AppIcon;
				DEVELOPMENT_TEAM = R3VU9CJ4FV;
				INFOPLIST_FILE = multipeer/Info.plist;
				LD_RUNPATH_SEARCH_PATHS = "$(inherited) @executable_path/Frameworks";
				PRODUCT_BUNDLE_IDENTIFIER = "bepid-apple.multipeer";
				PRODUCT_NAME = "$(TARGET_NAME)";
				SWIFT_VERSION = 3.0;
			};
			name = Release;
		};
		4F1AFF6D1DA3FA5900C5D425 /* Debug */ = {
			isa = XCBuildConfiguration;
			buildSettings = {
				ALWAYS_EMBED_SWIFT_STANDARD_LIBRARIES = YES;
				BUNDLE_LOADER = "$(TEST_HOST)";
				INFOPLIST_FILE = multipeerTests/Info.plist;
				LD_RUNPATH_SEARCH_PATHS = "$(inherited) @executable_path/Frameworks @loader_path/Frameworks";
				PRODUCT_BUNDLE_IDENTIFIER = "bepid-apple.multipeerTests";
				PRODUCT_NAME = "$(TARGET_NAME)";
				SWIFT_VERSION = 3.0;
				TEST_HOST = "$(BUILT_PRODUCTS_DIR)/multipeer.app/multipeer";
			};
			name = Debug;
		};
		4F1AFF6E1DA3FA5900C5D425 /* Release */ = {
			isa = XCBuildConfiguration;
			buildSettings = {
				ALWAYS_EMBED_SWIFT_STANDARD_LIBRARIES = YES;
				BUNDLE_LOADER = "$(TEST_HOST)";
				INFOPLIST_FILE = multipeerTests/Info.plist;
				LD_RUNPATH_SEARCH_PATHS = "$(inherited) @executable_path/Frameworks @loader_path/Frameworks";
				PRODUCT_BUNDLE_IDENTIFIER = "bepid-apple.multipeerTests";
				PRODUCT_NAME = "$(TARGET_NAME)";
				SWIFT_VERSION = 3.0;
				TEST_HOST = "$(BUILT_PRODUCTS_DIR)/multipeer.app/multipeer";
			};
			name = Release;
		};
/* End XCBuildConfiguration section */

/* Begin XCConfigurationList section */
		4F1AFF471DA3FA5800C5D425 /* Build configuration list for PBXProject "multipeer" */ = {
			isa = XCConfigurationList;
			buildConfigurations = (
				4F1AFF671DA3FA5900C5D425 /* Debug */,
				4F1AFF681DA3FA5900C5D425 /* Release */,
			);
			defaultConfigurationIsVisible = 0;
			defaultConfigurationName = Release;
		};
		4F1AFF691DA3FA5900C5D425 /* Build configuration list for PBXNativeTarget "multipeer" */ = {
			isa = XCConfigurationList;
			buildConfigurations = (
				4F1AFF6A1DA3FA5900C5D425 /* Debug */,
				4F1AFF6B1DA3FA5900C5D425 /* Release */,
			);
			defaultConfigurationIsVisible = 0;
			defaultConfigurationName = Release;
		};
		4F1AFF6C1DA3FA5900C5D425 /* Build configuration list for PBXNativeTarget "multipeerTests" */ = {
			isa = XCConfigurationList;
			buildConfigurations = (
				4F1AFF6D1DA3FA5900C5D425 /* Debug */,
				4F1AFF6E1DA3FA5900C5D425 /* Release */,
			);
			defaultConfigurationIsVisible = 0;
			defaultConfigurationName = Release;
		};
/* End XCConfigurationList section */
	};
	rootObject = 4F1AFF441DA3FA5800C5D425 /* Project object */;
}
